
Microsoft Visual Studio Solution File, Format Version 12.00
# Visual Studio 14
VisualStudioVersion = 14.0.24720.0
MinimumVisualStudioVersion = 10.0.40219.1
Project("{FAE04EC0-301F-11D3-BF4B-00C04F79EFBC}") = "Certificacao70483.ExerciciosPraticosProgramFlow.Threads", "Certificacao70483.ExerciciosPraticosProgramFlow\Certificacao70483.ExerciciosPraticosProgramFlow.Threads.csproj", "{78D92B0D-3C22-4B76-BD0F-06289ACF6E98}"
EndProject
Project("{FAE04EC0-301F-11D3-BF4B-00C04F79EFBC}") = "Certificacao70483.ProgramFlow.Threads", "Certificacao70483.ProgramFlow.Threads\Certificacao70483.ProgramFlow.Threads.csproj", "{82258CB1-1747-4C85-B5DA-C0E4E548E098}"
EndProject
Project("{2150E333-8FDC-42A3-9474-1A3956D46DE8}") = "Threads", "Threads", "{1732859A-DE9B-4DD2-AFB2-2E673CC0718C}"
EndProject
Project("{FAE04EC0-301F-11D3-BF4B-00C04F79EFBC}") = "Certificacao70483.ProgramFlow.ThreadParameters", "Certificacao70483.ProgramFlow.ThreadParameters\Certificacao70483.ProgramFlow.ThreadParameters.csproj", "{20F47760-5B6C-426D-B06A-4205A300CF55}"
EndProject
Project("{FAE04EC0-301F-11D3-BF4B-00C04F79EFBC}") = "Certificacao70483.ProgramFlow.StoppingTheads", "Certificacao70483.ProgramFlow.StoppingTheads\Certificacao70483.ProgramFlow.StoppingTheads.csproj", "{7A4C7174-5A6F-4777-8348-1DBD9A00FEA7}"
EndProject
Project("{FAE04EC0-301F-11D3-BF4B-00C04F79EFBC}") = "Certificacao70483.ProgramFlow.ThreadResult", "Certificacao70483.ProgramFlow.ThreadResult\Certificacao70483.ProgramFlow.ThreadResult.csproj", "{1D13E605-1689-4028-B894-D103AFB7EE4E}"
EndProject
Project("{2150E333-8FDC-42A3-9474-1A3956D46DE8}") = "Parallel", "Parallel", "{6F0E66E9-2BFC-425D-969D-DA3132D75845}"
EndProject
Project("{FAE04EC0-301F-11D3-BF4B-00C04F79EFBC}") = "Certificacao70483.ProgramFlow.FirstParallel", "Certificacao70483.ProgramFlow.FirstParallel\Certificacao70483.ProgramFlow.FirstParallel.csproj", "{12DE3302-CC6B-4B1E-B363-0AF2E80C04F7}"
EndProject
Project("{FAE04EC0-301F-11D3-BF4B-00C04F79EFBC}") = "Certificacao70483.ProgramFlow.ParallelForeach", "Certificacao70483.ProgramFlow.ParallelForeach\Certificacao70483.ProgramFlow.ParallelForeach.csproj", "{1AA3DCFD-970F-4C08-BCD6-CD6D310D25AF}"
EndProject
Project("{2150E333-8FDC-42A3-9474-1A3956D46DE8}") = "AsyncMethods", "AsyncMethods", "{53F5758D-7FD1-4582-91ED-8258A9997A5B}"
EndProject
Project("{FAE04EC0-301F-11D3-BF4B-00C04F79EFBC}") = "Certificacao70483.ProgramFlow.Async", "Certificacao70483.ProgramFlow.Async\Certificacao70483.ProgramFlow.Async.csproj", "{99391CE5-65EB-4166-8CB1-92B2BB3A6FFA}"
EndProject
Project("{FAE04EC0-301F-11D3-BF4B-00C04F79EFBC}") = "Certificacao70483.ProgramFlow.TasksLock", "Certificacao70483.ProgramFlow.TasksLock\Certificacao70483.ProgramFlow.TasksLock.csproj", "{16A01ACD-B16B-4010-BBC3-933CA8B5B1A7}"
EndProject
Project("{FAE04EC0-301F-11D3-BF4B-00C04F79EFBC}") = "Certificacao70483.Plinq", "Certificacao70483.Plinq\Certificacao70483.Plinq.csproj", "{925BE503-820D-404D-B068-4C0A3092F9E5}"
EndProject
Project("{2150E333-8FDC-42A3-9474-1A3956D46DE8}") = "Task", "Task", "{BCC49E0F-644D-470E-B584-5DDC3C9FF1EA}"
EndProject
Project("{FAE04EC0-301F-11D3-BF4B-00C04F79EFBC}") = "Certificacao70483.Tasks", "Certificacao70483.Tasks\Certificacao70483.Tasks.csproj", "{813EE1C1-746D-45DB-971D-62ACD8AB1C58}"
EndProject
Project("{2150E333-8FDC-42A3-9474-1A3956D46DE8}") = "Multithreading", "Multithreading", "{58D1B14D-000E-4EE6-8CA7-6AE4DDD972C4}"
EndProject
Project("{FAE04EC0-301F-11D3-BF4B-00C04F79EFBC}") = "Certificacao70483.MultiThread", "Certificacao70483.MultiThread\Certificacao70483.MultiThread.csproj", "{67585A48-F493-43C0-8F7A-47DF06D02A4F}"
EndProject
Project("{FAE04EC0-301F-11D3-BF4B-00C04F79EFBC}") = "Certificacao70483.CancellationToken", "Certificacao70483.CancellationToken\Certificacao70483.CancellationToken.csproj", "{C6346FD2-DB33-4DA7-A5CF-A8A5D0B3AA87}"
EndProject
Project("{FAE04EC0-301F-11D3-BF4B-00C04F79EFBC}") = "Certificacao70483.SettingsTimeOut", "Certificacao70483.SettingsTimeOut\Certificacao70483.SettingsTimeOut.csproj", "{539D8128-4749-44C2-A6D9-8617CAB1C1F4}"
EndProject
Project("{2150E333-8FDC-42A3-9474-1A3956D46DE8}") = "EventsAndCallbacks", "EventsAndCallbacks", "{69DDB609-49E2-41B5-8387-A96864B7796F}"
EndProject
Project("{FAE04EC0-301F-11D3-BF4B-00C04F79EFBC}") = "Certificacao70483.Delegate", "Certificacao70483.Equality\Certificacao70483.Delegate.csproj", "{C0663235-1F0C-4517-898C-B32F88B9FCFE}"
EndProject
Project("{FAE04EC0-301F-11D3-BF4B-00C04F79EFBC}") = "Certificacao70483.DelegateMulticast", "Certificacao70483.DelegateMulticast\Certificacao70483.DelegateMulticast.csproj", "{1917035F-CCB2-4495-A2E8-C665CCA24648}"
EndProject
Project("{FAE04EC0-301F-11D3-BF4B-00C04F79EFBC}") = "Certificacao70483.EventsExemple", "Certificacao70483.EventsExemple\Certificacao70483.EventsExemple.csproj", "{C532E407-ADA6-426F-A895-88BF522074A8}"
EndProject
Project("{2150E333-8FDC-42A3-9474-1A3956D46DE8}") = "EstruturaDeDados", "EstruturaDeDados", "{061AEA81-C37E-415C-98B8-A7C2B7E1FB2B}"
EndProject
Project("{FAE04EC0-301F-11D3-BF4B-00C04F79EFBC}") = "ExemploFilaPilha", "ExemploFilaPilha\ExemploFilaPilha.csproj", "{C3720F80-A899-4BE5-AC7E-81F705DBEBC0}"
EndProject
Project("{2150E333-8FDC-42A3-9474-1A3956D46DE8}") = "ImplementsExceptionHandlings", "ImplementsExceptionHandlings", "{5C1517D7-6725-4FBB-9565-79DEB0A0F1D6}"
EndProject
Project("{FAE04EC0-301F-11D3-BF4B-00C04F79EFBC}") = "Certificacao70483.ExceptionsHandlings", "Certificacao70483.ExceptionsHandlings\Certificacao70483.ExceptionsHandlings.csproj", "{8543AD2B-B83F-4A4D-9272-5A4B7D787C67}"
EndProject
Project("{2150E333-8FDC-42A3-9474-1A3956D46DE8}") = "EnforceEncapsulation", "EnforceEncapsulation", "{C9ECA1B0-2A3F-4782-A19E-936644745653}"
EndProject
Project("{FAE04EC0-301F-11D3-BF4B-00C04F79EFBC}") = "Certificacao70483.Encapsulation", "Certificacao70483.Encapsulation\Certificacao70483.Encapsulation.csproj", "{EA128D31-4BAD-4278-B5B4-C04143D61EEE}"
EndProject
Project("{2150E333-8FDC-42A3-9474-1A3956D46DE8}") = "ManipulationString", "ManipulationString", "{90CC30E1-C8F0-46F7-9871-323834A4D2DB}"
EndProject
Project("{FAE04EC0-301F-11D3-BF4B-00C04F79EFBC}") = "Certificacao70483.ManipulationString", "Certificacao70483.ManipulationString\Certificacao70483.ManipulationString.csproj", "{B4D7DC78-7B18-49A2-9646-C77A50490272}"
EndProject
Project("{2150E333-8FDC-42A3-9474-1A3956D46DE8}") = "AluraBootsStrap", "AluraBootsStrap", "{F5D02034-06DB-44CF-8CBA-7965C591E604}"
	ProjectSection(SolutionItems) = preProject
		index.html = index.html
	EndProjectSection
EndProject
Project("{2150E333-8FDC-42A3-9474-1A3956D46DE8}") = "AluraMachineLearning", "AluraMachineLearning", "{2D14BE68-D97E-490F-8CF4-8D79391D9E78}"
EndProject
Project("{FAE04EC0-301F-11D3-BF4B-00C04F79EFBC}") = "Alura.MachineLearning", "Alura.MachineLearning\Alura.MachineLearning.csproj", "{E6D05230-D2B1-4C62-976A-117A516F70E2}"
EndProject
Project("{2150E333-8FDC-42A3-9474-1A3956D46DE8}") = "Alura", "Alura", "{E9BBAE0B-A729-4401-93F8-39AD2568A478}"
EndProject
Project("{2150E333-8FDC-42A3-9474-1A3956D46DE8}") = "AluraAlgoritmos", "AluraAlgoritmos", "{8D3C85D2-7966-4A93-95E7-4C34AF992764}"
EndProject
Project("{FAE04EC0-301F-11D3-BF4B-00C04F79EFBC}") = "Alura.Ordenacao", "Alura.Ordenacao\Alura.Ordenacao.csproj", "{F9FDACF7-55F4-475A-AFC2-0BB7560E9E7C}"
EndProject
Project("{FAE04EC0-301F-11D3-BF4B-00C04F79EFBC}") = "Alura.OrdenacaoTeste", "Alura.OrdenacaoTeste\Alura.OrdenacaoTeste.csproj", "{8E2411CD-AE65-4B3E-A2D5-CF8DC118E2A8}"
EndProject
Project("{2150E333-8FDC-42A3-9474-1A3956D46DE8}") = "BanchMarkes", "BanchMarkes", "{F1962C42-E1BD-4C41-8E48-E45DDE8822E7}"
EndProject
Project("{FAE04EC0-301F-11D3-BF4B-00C04F79EFBC}") = "BanchMark.HashSetvsLists", "BanchMark.HashSetvsLists\BanchMark.HashSetvsLists.csproj", "{93A59C59-7085-41BF-AACA-24C5ED905472}"
EndProject
Project("{FAE04EC0-301F-11D3-BF4B-00C04F79EFBC}") = "BanchMark.ForAndForeach", "BanchMark.ForAndForeach\BanchMark.ForAndForeach.csproj", "{8B6278F9-E9FC-479F-B7D3-3A33F50A8F57}"
EndProject
Project("{FAE04EC0-301F-11D3-BF4B-00C04F79EFBC}") = "ProtocolosParalel", "ProtocolosParalel\ProtocolosParalel.csproj", "{25A37637-C84F-4DDE-AB6C-BEE7FF509AD2}"
EndProject
Project("{FAE04EC0-301F-11D3-BF4B-00C04F79EFBC}") = "BenchMark.Yield", "BenchMark.Yield\BenchMark.Yield.csproj", "{8892CB3F-F635-4B59-9EC4-7A382717B2F7}"
EndProject
Global
	GlobalSection(SolutionConfigurationPlatforms) = preSolution
		Debug|Any CPU = Debug|Any CPU
		Release|Any CPU = Release|Any CPU
	EndGlobalSection
	GlobalSection(ProjectConfigurationPlatforms) = postSolution
		{78D92B0D-3C22-4B76-BD0F-06289ACF6E98}.Debug|Any CPU.ActiveCfg = Debug|Any CPU
		{78D92B0D-3C22-4B76-BD0F-06289ACF6E98}.Debug|Any CPU.Build.0 = Debug|Any CPU
		{78D92B0D-3C22-4B76-BD0F-06289ACF6E98}.Release|Any CPU.ActiveCfg = Release|Any CPU
		{78D92B0D-3C22-4B76-BD0F-06289ACF6E98}.Release|Any CPU.Build.0 = Release|Any CPU
		{82258CB1-1747-4C85-B5DA-C0E4E548E098}.Debug|Any CPU.ActiveCfg = Debug|Any CPU
		{82258CB1-1747-4C85-B5DA-C0E4E548E098}.Debug|Any CPU.Build.0 = Debug|Any CPU
		{82258CB1-1747-4C85-B5DA-C0E4E548E098}.Release|Any CPU.ActiveCfg = Release|Any CPU
		{82258CB1-1747-4C85-B5DA-C0E4E548E098}.Release|Any CPU.Build.0 = Release|Any CPU
		{20F47760-5B6C-426D-B06A-4205A300CF55}.Debug|Any CPU.ActiveCfg = Debug|Any CPU
		{20F47760-5B6C-426D-B06A-4205A300CF55}.Debug|Any CPU.Build.0 = Debug|Any CPU
		{20F47760-5B6C-426D-B06A-4205A300CF55}.Release|Any CPU.ActiveCfg = Release|Any CPU
		{20F47760-5B6C-426D-B06A-4205A300CF55}.Release|Any CPU.Build.0 = Release|Any CPU
		{7A4C7174-5A6F-4777-8348-1DBD9A00FEA7}.Debug|Any CPU.ActiveCfg = Debug|Any CPU
		{7A4C7174-5A6F-4777-8348-1DBD9A00FEA7}.Debug|Any CPU.Build.0 = Debug|Any CPU
		{7A4C7174-5A6F-4777-8348-1DBD9A00FEA7}.Release|Any CPU.ActiveCfg = Release|Any CPU
		{7A4C7174-5A6F-4777-8348-1DBD9A00FEA7}.Release|Any CPU.Build.0 = Release|Any CPU
		{1D13E605-1689-4028-B894-D103AFB7EE4E}.Debug|Any CPU.ActiveCfg = Debug|Any CPU
		{1D13E605-1689-4028-B894-D103AFB7EE4E}.Debug|Any CPU.Build.0 = Debug|Any CPU
		{1D13E605-1689-4028-B894-D103AFB7EE4E}.Release|Any CPU.ActiveCfg = Release|Any CPU
		{1D13E605-1689-4028-B894-D103AFB7EE4E}.Release|Any CPU.Build.0 = Release|Any CPU
		{12DE3302-CC6B-4B1E-B363-0AF2E80C04F7}.Debug|Any CPU.ActiveCfg = Debug|Any CPU
		{12DE3302-CC6B-4B1E-B363-0AF2E80C04F7}.Debug|Any CPU.Build.0 = Debug|Any CPU
		{12DE3302-CC6B-4B1E-B363-0AF2E80C04F7}.Release|Any CPU.ActiveCfg = Release|Any CPU
		{12DE3302-CC6B-4B1E-B363-0AF2E80C04F7}.Release|Any CPU.Build.0 = Release|Any CPU
		{1AA3DCFD-970F-4C08-BCD6-CD6D310D25AF}.Debug|Any CPU.ActiveCfg = Debug|Any CPU
		{1AA3DCFD-970F-4C08-BCD6-CD6D310D25AF}.Debug|Any CPU.Build.0 = Debug|Any CPU
		{1AA3DCFD-970F-4C08-BCD6-CD6D310D25AF}.Release|Any CPU.ActiveCfg = Release|Any CPU
		{1AA3DCFD-970F-4C08-BCD6-CD6D310D25AF}.Release|Any CPU.Build.0 = Release|Any CPU
		{99391CE5-65EB-4166-8CB1-92B2BB3A6FFA}.Debug|Any CPU.ActiveCfg = Debug|Any CPU
		{99391CE5-65EB-4166-8CB1-92B2BB3A6FFA}.Debug|Any CPU.Build.0 = Debug|Any CPU
		{99391CE5-65EB-4166-8CB1-92B2BB3A6FFA}.Release|Any CPU.ActiveCfg = Release|Any CPU
		{99391CE5-65EB-4166-8CB1-92B2BB3A6FFA}.Release|Any CPU.Build.0 = Release|Any CPU
		{16A01ACD-B16B-4010-BBC3-933CA8B5B1A7}.Debug|Any CPU.ActiveCfg = Debug|Any CPU
		{16A01ACD-B16B-4010-BBC3-933CA8B5B1A7}.Debug|Any CPU.Build.0 = Debug|Any CPU
		{16A01ACD-B16B-4010-BBC3-933CA8B5B1A7}.Release|Any CPU.ActiveCfg = Release|Any CPU
		{16A01ACD-B16B-4010-BBC3-933CA8B5B1A7}.Release|Any CPU.Build.0 = Release|Any CPU
		{925BE503-820D-404D-B068-4C0A3092F9E5}.Debug|Any CPU.ActiveCfg = Debug|Any CPU
		{925BE503-820D-404D-B068-4C0A3092F9E5}.Debug|Any CPU.Build.0 = Debug|Any CPU
		{925BE503-820D-404D-B068-4C0A3092F9E5}.Release|Any CPU.ActiveCfg = Release|Any CPU
		{925BE503-820D-404D-B068-4C0A3092F9E5}.Release|Any CPU.Build.0 = Release|Any CPU
		{813EE1C1-746D-45DB-971D-62ACD8AB1C58}.Debug|Any CPU.ActiveCfg = Debug|Any CPU
		{813EE1C1-746D-45DB-971D-62ACD8AB1C58}.Debug|Any CPU.Build.0 = Debug|Any CPU
		{813EE1C1-746D-45DB-971D-62ACD8AB1C58}.Release|Any CPU.ActiveCfg = Release|Any CPU
		{813EE1C1-746D-45DB-971D-62ACD8AB1C58}.Release|Any CPU.Build.0 = Release|Any CPU
		{67585A48-F493-43C0-8F7A-47DF06D02A4F}.Debug|Any CPU.ActiveCfg = Debug|Any CPU
		{67585A48-F493-43C0-8F7A-47DF06D02A4F}.Debug|Any CPU.Build.0 = Debug|Any CPU
		{67585A48-F493-43C0-8F7A-47DF06D02A4F}.Release|Any CPU.ActiveCfg = Release|Any CPU
		{67585A48-F493-43C0-8F7A-47DF06D02A4F}.Release|Any CPU.Build.0 = Release|Any CPU
		{C6346FD2-DB33-4DA7-A5CF-A8A5D0B3AA87}.Debug|Any CPU.ActiveCfg = Debug|Any CPU
		{C6346FD2-DB33-4DA7-A5CF-A8A5D0B3AA87}.Debug|Any CPU.Build.0 = Debug|Any CPU
		{C6346FD2-DB33-4DA7-A5CF-A8A5D0B3AA87}.Release|Any CPU.ActiveCfg = Release|Any CPU
		{C6346FD2-DB33-4DA7-A5CF-A8A5D0B3AA87}.Release|Any CPU.Build.0 = Release|Any CPU
		{539D8128-4749-44C2-A6D9-8617CAB1C1F4}.Debug|Any CPU.ActiveCfg = Debug|Any CPU
		{539D8128-4749-44C2-A6D9-8617CAB1C1F4}.Debug|Any CPU.Build.0 = Debug|Any CPU
		{539D8128-4749-44C2-A6D9-8617CAB1C1F4}.Release|Any CPU.ActiveCfg = Release|Any CPU
		{539D8128-4749-44C2-A6D9-8617CAB1C1F4}.Release|Any CPU.Build.0 = Release|Any CPU
		{C0663235-1F0C-4517-898C-B32F88B9FCFE}.Debug|Any CPU.ActiveCfg = Debug|Any CPU
		{C0663235-1F0C-4517-898C-B32F88B9FCFE}.Debug|Any CPU.Build.0 = Debug|Any CPU
		{C0663235-1F0C-4517-898C-B32F88B9FCFE}.Release|Any CPU.ActiveCfg = Release|Any CPU
		{C0663235-1F0C-4517-898C-B32F88B9FCFE}.Release|Any CPU.Build.0 = Release|Any CPU
		{1917035F-CCB2-4495-A2E8-C665CCA24648}.Debug|Any CPU.ActiveCfg = Debug|Any CPU
		{1917035F-CCB2-4495-A2E8-C665CCA24648}.Debug|Any CPU.Build.0 = Debug|Any CPU
		{1917035F-CCB2-4495-A2E8-C665CCA24648}.Release|Any CPU.ActiveCfg = Release|Any CPU
		{1917035F-CCB2-4495-A2E8-C665CCA24648}.Release|Any CPU.Build.0 = Release|Any CPU
		{C532E407-ADA6-426F-A895-88BF522074A8}.Debug|Any CPU.ActiveCfg = Debug|Any CPU
		{C532E407-ADA6-426F-A895-88BF522074A8}.Debug|Any CPU.Build.0 = Debug|Any CPU
		{C532E407-ADA6-426F-A895-88BF522074A8}.Release|Any CPU.ActiveCfg = Release|Any CPU
		{C532E407-ADA6-426F-A895-88BF522074A8}.Release|Any CPU.Build.0 = Release|Any CPU
		{C3720F80-A899-4BE5-AC7E-81F705DBEBC0}.Debug|Any CPU.ActiveCfg = Debug|Any CPU
		{C3720F80-A899-4BE5-AC7E-81F705DBEBC0}.Debug|Any CPU.Build.0 = Debug|Any CPU
		{C3720F80-A899-4BE5-AC7E-81F705DBEBC0}.Release|Any CPU.ActiveCfg = Release|Any CPU
		{C3720F80-A899-4BE5-AC7E-81F705DBEBC0}.Release|Any CPU.Build.0 = Release|Any CPU
		{8543AD2B-B83F-4A4D-9272-5A4B7D787C67}.Debug|Any CPU.ActiveCfg = Debug|Any CPU
		{8543AD2B-B83F-4A4D-9272-5A4B7D787C67}.Debug|Any CPU.Build.0 = Debug|Any CPU
		{8543AD2B-B83F-4A4D-9272-5A4B7D787C67}.Release|Any CPU.ActiveCfg = Release|Any CPU
		{8543AD2B-B83F-4A4D-9272-5A4B7D787C67}.Release|Any CPU.Build.0 = Release|Any CPU
		{EA128D31-4BAD-4278-B5B4-C04143D61EEE}.Debug|Any CPU.ActiveCfg = Debug|Any CPU
		{EA128D31-4BAD-4278-B5B4-C04143D61EEE}.Debug|Any CPU.Build.0 = Debug|Any CPU
		{EA128D31-4BAD-4278-B5B4-C04143D61EEE}.Release|Any CPU.ActiveCfg = Release|Any CPU
		{EA128D31-4BAD-4278-B5B4-C04143D61EEE}.Release|Any CPU.Build.0 = Release|Any CPU
		{B4D7DC78-7B18-49A2-9646-C77A50490272}.Debug|Any CPU.ActiveCfg = Debug|Any CPU
		{B4D7DC78-7B18-49A2-9646-C77A50490272}.Debug|Any CPU.Build.0 = Debug|Any CPU
		{B4D7DC78-7B18-49A2-9646-C77A50490272}.Release|Any CPU.ActiveCfg = Release|Any CPU
		{B4D7DC78-7B18-49A2-9646-C77A50490272}.Release|Any CPU.Build.0 = Release|Any CPU
		{E6D05230-D2B1-4C62-976A-117A516F70E2}.Debug|Any CPU.ActiveCfg = Debug|Any CPU
		{E6D05230-D2B1-4C62-976A-117A516F70E2}.Debug|Any CPU.Build.0 = Debug|Any CPU
		{E6D05230-D2B1-4C62-976A-117A516F70E2}.Release|Any CPU.ActiveCfg = Release|Any CPU
		{E6D05230-D2B1-4C62-976A-117A516F70E2}.Release|Any CPU.Build.0 = Release|Any CPU
		{F9FDACF7-55F4-475A-AFC2-0BB7560E9E7C}.Debug|Any CPU.ActiveCfg = Debug|Any CPU
		{F9FDACF7-55F4-475A-AFC2-0BB7560E9E7C}.Debug|Any CPU.Build.0 = Debug|Any CPU
		{F9FDACF7-55F4-475A-AFC2-0BB7560E9E7C}.Release|Any CPU.ActiveCfg = Release|Any CPU
		{F9FDACF7-55F4-475A-AFC2-0BB7560E9E7C}.Release|Any CPU.Build.0 = Release|Any CPU
		{8E2411CD-AE65-4B3E-A2D5-CF8DC118E2A8}.Debug|Any CPU.ActiveCfg = Debug|Any CPU
		{8E2411CD-AE65-4B3E-A2D5-CF8DC118E2A8}.Debug|Any CPU.Build.0 = Debug|Any CPU
		{8E2411CD-AE65-4B3E-A2D5-CF8DC118E2A8}.Release|Any CPU.ActiveCfg = Release|Any CPU
		{8E2411CD-AE65-4B3E-A2D5-CF8DC118E2A8}.Release|Any CPU.Build.0 = Release|Any CPU
		{93A59C59-7085-41BF-AACA-24C5ED905472}.Debug|Any CPU.ActiveCfg = Debug|Any CPU
		{93A59C59-7085-41BF-AACA-24C5ED905472}.Debug|Any CPU.Build.0 = Debug|Any CPU
		{93A59C59-7085-41BF-AACA-24C5ED905472}.Release|Any CPU.ActiveCfg = Release|Any CPU
		{93A59C59-7085-41BF-AACA-24C5ED905472}.Release|Any CPU.Build.0 = Release|Any CPU
		{8B6278F9-E9FC-479F-B7D3-3A33F50A8F57}.Debug|Any CPU.ActiveCfg = Debug|Any CPU
		{8B6278F9-E9FC-479F-B7D3-3A33F50A8F57}.Debug|Any CPU.Build.0 = Debug|Any CPU
		{8B6278F9-E9FC-479F-B7D3-3A33F50A8F57}.Release|Any CPU.ActiveCfg = Release|Any CPU
		{8B6278F9-E9FC-479F-B7D3-3A33F50A8F57}.Release|Any CPU.Build.0 = Release|Any CPU
		{25A37637-C84F-4DDE-AB6C-BEE7FF509AD2}.Debug|Any CPU.ActiveCfg = Debug|Any CPU
		{25A37637-C84F-4DDE-AB6C-BEE7FF509AD2}.Debug|Any CPU.Build.0 = Debug|Any CPU
		{25A37637-C84F-4DDE-AB6C-BEE7FF509AD2}.Release|Any CPU.ActiveCfg = Release|Any CPU
		{25A37637-C84F-4DDE-AB6C-BEE7FF509AD2}.Release|Any CPU.Build.0 = Release|Any CPU
		{8892CB3F-F635-4B59-9EC4-7A382717B2F7}.Debug|Any CPU.ActiveCfg = Debug|Any CPU
		{8892CB3F-F635-4B59-9EC4-7A382717B2F7}.Debug|Any CPU.Build.0 = Debug|Any CPU
		{8892CB3F-F635-4B59-9EC4-7A382717B2F7}.Release|Any CPU.ActiveCfg = Release|Any CPU
		{8892CB3F-F635-4B59-9EC4-7A382717B2F7}.Release|Any CPU.Build.0 = Release|Any CPU
	EndGlobalSection
	GlobalSection(SolutionProperties) = preSolution
		HideSolutionNode = FALSE
	EndGlobalSection
	GlobalSection(NestedProjects) = preSolution
		{78D92B0D-3C22-4B76-BD0F-06289ACF6E98} = {1732859A-DE9B-4DD2-AFB2-2E673CC0718C}
		{82258CB1-1747-4C85-B5DA-C0E4E548E098} = {1732859A-DE9B-4DD2-AFB2-2E673CC0718C}
		{20F47760-5B6C-426D-B06A-4205A300CF55} = {1732859A-DE9B-4DD2-AFB2-2E673CC0718C}
		{7A4C7174-5A6F-4777-8348-1DBD9A00FEA7} = {1732859A-DE9B-4DD2-AFB2-2E673CC0718C}
		{1D13E605-1689-4028-B894-D103AFB7EE4E} = {1732859A-DE9B-4DD2-AFB2-2E673CC0718C}
		{12DE3302-CC6B-4B1E-B363-0AF2E80C04F7} = {6F0E66E9-2BFC-425D-969D-DA3132D75845}
		{1AA3DCFD-970F-4C08-BCD6-CD6D310D25AF} = {6F0E66E9-2BFC-425D-969D-DA3132D75845}
		{99391CE5-65EB-4166-8CB1-92B2BB3A6FFA} = {53F5758D-7FD1-4582-91ED-8258A9997A5B}
		{16A01ACD-B16B-4010-BBC3-933CA8B5B1A7} = {1732859A-DE9B-4DD2-AFB2-2E673CC0718C}
		{925BE503-820D-404D-B068-4C0A3092F9E5} = {6F0E66E9-2BFC-425D-969D-DA3132D75845}
		{813EE1C1-746D-45DB-971D-62ACD8AB1C58} = {BCC49E0F-644D-470E-B584-5DDC3C9FF1EA}
		{67585A48-F493-43C0-8F7A-47DF06D02A4F} = {58D1B14D-000E-4EE6-8CA7-6AE4DDD972C4}
		{C6346FD2-DB33-4DA7-A5CF-A8A5D0B3AA87} = {BCC49E0F-644D-470E-B584-5DDC3C9FF1EA}
		{539D8128-4749-44C2-A6D9-8617CAB1C1F4} = {BCC49E0F-644D-470E-B584-5DDC3C9FF1EA}
		{C0663235-1F0C-4517-898C-B32F88B9FCFE} = {69DDB609-49E2-41B5-8387-A96864B7796F}
		{1917035F-CCB2-4495-A2E8-C665CCA24648} = {69DDB609-49E2-41B5-8387-A96864B7796F}
		{C532E407-ADA6-426F-A895-88BF522074A8} = {69DDB609-49E2-41B5-8387-A96864B7796F}
		{C3720F80-A899-4BE5-AC7E-81F705DBEBC0} = {061AEA81-C37E-415C-98B8-A7C2B7E1FB2B}
		{8543AD2B-B83F-4A4D-9272-5A4B7D787C67} = {5C1517D7-6725-4FBB-9565-79DEB0A0F1D6}
		{EA128D31-4BAD-4278-B5B4-C04143D61EEE} = {C9ECA1B0-2A3F-4782-A19E-936644745653}
		{B4D7DC78-7B18-49A2-9646-C77A50490272} = {90CC30E1-C8F0-46F7-9871-323834A4D2DB}
		{F5D02034-06DB-44CF-8CBA-7965C591E604} = {E9BBAE0B-A729-4401-93F8-39AD2568A478}
		{2D14BE68-D97E-490F-8CF4-8D79391D9E78} = {E9BBAE0B-A729-4401-93F8-39AD2568A478}
		{E6D05230-D2B1-4C62-976A-117A516F70E2} = {2D14BE68-D97E-490F-8CF4-8D79391D9E78}
		{8D3C85D2-7966-4A93-95E7-4C34AF992764} = {E9BBAE0B-A729-4401-93F8-39AD2568A478}
		{F9FDACF7-55F4-475A-AFC2-0BB7560E9E7C} = {8D3C85D2-7966-4A93-95E7-4C34AF992764}
		{8E2411CD-AE65-4B3E-A2D5-CF8DC118E2A8} = {8D3C85D2-7966-4A93-95E7-4C34AF992764}
		{93A59C59-7085-41BF-AACA-24C5ED905472} = {F1962C42-E1BD-4C41-8E48-E45DDE8822E7}
		{8B6278F9-E9FC-479F-B7D3-3A33F50A8F57} = {F1962C42-E1BD-4C41-8E48-E45DDE8822E7}
		{25A37637-C84F-4DDE-AB6C-BEE7FF509AD2} = {6F0E66E9-2BFC-425D-969D-DA3132D75845}
		{8892CB3F-F635-4B59-9EC4-7A382717B2F7} = {F1962C42-E1BD-4C41-8E48-E45DDE8822E7}
	EndGlobalSection
EndGlobal
